// !$*UTF8*$!
{
	archiveVersion = 1;
	classes = {
	};
	objectVersion = 51;
	objects = {

/* Begin PBXBuildFile section */
		365896D2231551B700BB65EC /* CalculatorViewController.swift in Sources */ = {isa = PBXBuildFile; fileRef = 365896D1231551B700BB65EC /* CalculatorViewController.swift */; };
		365896D42317351400BB65EC /* BackgroundImage.swift in Sources */ = {isa = PBXBuildFile; fileRef = 365896D32317351400BB65EC /* BackgroundImage.swift */; };
		365896DE231DA88E00BB65EC /* WeightField.swift in Sources */ = {isa = PBXBuildFile; fileRef = 365896DD231DA88E00BB65EC /* WeightField.swift */; };
		369AF19C23324ACE00E5B5BC /* Calculator.storyboard in Resources */ = {isa = PBXBuildFile; fileRef = 369AF19B23324ACE00E5B5BC /* Calculator.storyboard */; };
		36C2105A2347E9D100191000 /* AddTodaysWeightViewController.swift in Sources */ = {isa = PBXBuildFile; fileRef = 36C210592347E9D100191000 /* AddTodaysWeightViewController.swift */; };
		36D62AF323857B76009C3022 /* CustomTableViewCell.swift in Sources */ = {isa = PBXBuildFile; fileRef = 36D62AF223857B76009C3022 /* CustomTableViewCell.swift */; };
		36EF627F2310519C004E5F15 /* Main.storyboard in Resources */ = {isa = PBXBuildFile; fileRef = 36EF627D2310519C004E5F15 /* Main.storyboard */; };
		380CFA1F230FD7B3002EA2CC /* AppDelegate.swift in Sources */ = {isa = PBXBuildFile; fileRef = 380CFA1E230FD7B3002EA2CC /* AppDelegate.swift */; };
		380CFA26230FD7B4002EA2CC /* Assets.xcassets in Resources */ = {isa = PBXBuildFile; fileRef = 380CFA25230FD7B4002EA2CC /* Assets.xcassets */; };
		380CFA29230FD7B4002EA2CC /* LaunchScreen.storyboard in Resources */ = {isa = PBXBuildFile; fileRef = 380CFA27230FD7B4002EA2CC /* LaunchScreen.storyboard */; };
		380CFA31230FD863002EA2CC /* README.md in Resources */ = {isa = PBXBuildFile; fileRef = 380CFA30230FD863002EA2CC /* README.md */; };
		380CFCF52310006E002EA2CC /* Database.swift in Sources */ = {isa = PBXBuildFile; fileRef = 380CFCF42310006E002EA2CC /* Database.swift */; };
		380CFCF92310008B002EA2CC /* database.xcdatamodeld in Sources */ = {isa = PBXBuildFile; fileRef = 380CFCF72310008B002EA2CC /* database.xcdatamodeld */; };
		380CFCFB23100165002EA2CC /* User.swift in Sources */ = {isa = PBXBuildFile; fileRef = 380CFCFA23100165002EA2CC /* User.swift */; };
		380CFCFD2310016D002EA2CC /* Entity.swift in Sources */ = {isa = PBXBuildFile; fileRef = 380CFCFC2310016D002EA2CC /* Entity.swift */; };
		380CFD0123101D71002EA2CC /* WeightMetric.swift in Sources */ = {isa = PBXBuildFile; fileRef = 380CFD0023101D71002EA2CC /* WeightMetric.swift */; };
		380CFD0323106529002EA2CC /* Onboarding.storyboard in Resources */ = {isa = PBXBuildFile; fileRef = 380CFD0223106529002EA2CC /* Onboarding.storyboard */; };
		380CFD0523106535002EA2CC /* Storyboard.swift in Sources */ = {isa = PBXBuildFile; fileRef = 380CFD0423106535002EA2CC /* Storyboard.swift */; };
		380CFD07231065D7002EA2CC /* OnboardingViewController.swift in Sources */ = {isa = PBXBuildFile; fileRef = 380CFD06231065D7002EA2CC /* OnboardingViewController.swift */; };
		380CFD09231065EC002EA2CC /* OnboardingContentViewController.swift in Sources */ = {isa = PBXBuildFile; fileRef = 380CFD08231065EC002EA2CC /* OnboardingContentViewController.swift */; };
		380CFD0C231069FF002EA2CC /* Storage.swift in Sources */ = {isa = PBXBuildFile; fileRef = 380CFD0B231069FF002EA2CC /* Storage.swift */; };
		38F88D3D2315284E001DC19E /* MainViewController.swift in Sources */ = {isa = PBXBuildFile; fileRef = 38F88D3C2315284E001DC19E /* MainViewController.swift */; };
		38F88D3F23152887001DC19E /* ChartView.swift in Sources */ = {isa = PBXBuildFile; fileRef = 38F88D3E23152887001DC19E /* ChartView.swift */; };
		38F88D4123152A35001DC19E /* DotCALayer.swift in Sources */ = {isa = PBXBuildFile; fileRef = 38F88D4023152A35001DC19E /* DotCALayer.swift */; };
		38F88D4323152A59001DC19E /* CurveAlgorithm.swift in Sources */ = {isa = PBXBuildFile; fileRef = 38F88D4223152A58001DC19E /* CurveAlgorithm.swift */; };
		947C14F2554C2B249ECA8C83 /* Pods_BMI.framework in Frameworks */ = {isa = PBXBuildFile; fileRef = 4346CAC82F7E210454A2F6AF /* Pods_BMI.framework */; };
/* End PBXBuildFile section */

/* Begin PBXFileReference section */
		365896D1231551B700BB65EC /* CalculatorViewController.swift */ = {isa = PBXFileReference; lastKnownFileType = sourcecode.swift; path = CalculatorViewController.swift; sourceTree = "<group>"; };
		365896D32317351400BB65EC /* BackgroundImage.swift */ = {isa = PBXFileReference; lastKnownFileType = sourcecode.swift; path = BackgroundImage.swift; sourceTree = "<group>"; };
		365896DD231DA88E00BB65EC /* WeightField.swift */ = {isa = PBXFileReference; lastKnownFileType = sourcecode.swift; path = WeightField.swift; sourceTree = "<group>"; };
		369AF19B23324ACE00E5B5BC /* Calculator.storyboard */ = {isa = PBXFileReference; lastKnownFileType = file.storyboard; path = Calculator.storyboard; sourceTree = "<group>"; };
		36C210592347E9D100191000 /* AddTodaysWeightViewController.swift */ = {isa = PBXFileReference; lastKnownFileType = sourcecode.swift; path = AddTodaysWeightViewController.swift; sourceTree = "<group>"; };
		36D62AF223857B76009C3022 /* CustomTableViewCell.swift */ = {isa = PBXFileReference; lastKnownFileType = sourcecode.swift; path = CustomTableViewCell.swift; sourceTree = "<group>"; };
		36EF627D2310519C004E5F15 /* Main.storyboard */ = {isa = PBXFileReference; fileEncoding = 4; lastKnownFileType = file.storyboard; path = Main.storyboard; sourceTree = "<group>"; };
		380CFA1B230FD7B3002EA2CC /* BMI.app */ = {isa = PBXFileReference; explicitFileType = wrapper.application; includeInIndex = 0; path = BMI.app; sourceTree = BUILT_PRODUCTS_DIR; };
		380CFA1E230FD7B3002EA2CC /* AppDelegate.swift */ = {isa = PBXFileReference; lastKnownFileType = sourcecode.swift; path = AppDelegate.swift; sourceTree = "<group>"; };
		380CFA25230FD7B4002EA2CC /* Assets.xcassets */ = {isa = PBXFileReference; lastKnownFileType = folder.assetcatalog; path = Assets.xcassets; sourceTree = "<group>"; };
		380CFA28230FD7B4002EA2CC /* Base */ = {isa = PBXFileReference; lastKnownFileType = file.storyboard; name = Base; path = Base.lproj/LaunchScreen.storyboard; sourceTree = "<group>"; };
		380CFA2A230FD7B4002EA2CC /* Info.plist */ = {isa = PBXFileReference; lastKnownFileType = text.plist.xml; path = Info.plist; sourceTree = "<group>"; };
		380CFA30230FD863002EA2CC /* README.md */ = {isa = PBXFileReference; lastKnownFileType = net.daringfireball.markdown; path = README.md; sourceTree = "<group>"; };
		380CFCF42310006E002EA2CC /* Database.swift */ = {isa = PBXFileReference; lastKnownFileType = sourcecode.swift; path = Database.swift; sourceTree = "<group>"; };
		380CFCF82310008B002EA2CC /* database.xcdatamodel */ = {isa = PBXFileReference; lastKnownFileType = wrapper.xcdatamodel; path = database.xcdatamodel; sourceTree = "<group>"; };
		380CFCFA23100165002EA2CC /* User.swift */ = {isa = PBXFileReference; lastKnownFileType = sourcecode.swift; path = User.swift; sourceTree = "<group>"; };
		380CFCFC2310016D002EA2CC /* Entity.swift */ = {isa = PBXFileReference; lastKnownFileType = sourcecode.swift; path = Entity.swift; sourceTree = "<group>"; };
		380CFD0023101D71002EA2CC /* WeightMetric.swift */ = {isa = PBXFileReference; lastKnownFileType = sourcecode.swift; path = WeightMetric.swift; sourceTree = "<group>"; };
		380CFD0223106529002EA2CC /* Onboarding.storyboard */ = {isa = PBXFileReference; lastKnownFileType = file.storyboard; path = Onboarding.storyboard; sourceTree = "<group>"; };
		380CFD0423106535002EA2CC /* Storyboard.swift */ = {isa = PBXFileReference; lastKnownFileType = sourcecode.swift; path = Storyboard.swift; sourceTree = "<group>"; };
		380CFD06231065D7002EA2CC /* OnboardingViewController.swift */ = {isa = PBXFileReference; lastKnownFileType = sourcecode.swift; path = OnboardingViewController.swift; sourceTree = "<group>"; };
		380CFD08231065EC002EA2CC /* OnboardingContentViewController.swift */ = {isa = PBXFileReference; lastKnownFileType = sourcecode.swift; path = OnboardingContentViewController.swift; sourceTree = "<group>"; };
		380CFD0B231069FF002EA2CC /* Storage.swift */ = {isa = PBXFileReference; lastKnownFileType = sourcecode.swift; path = Storage.swift; sourceTree = "<group>"; };
		38F88D3C2315284E001DC19E /* MainViewController.swift */ = {isa = PBXFileReference; fileEncoding = 4; lastKnownFileType = sourcecode.swift; path = MainViewController.swift; sourceTree = "<group>"; };
		38F88D3E23152887001DC19E /* ChartView.swift */ = {isa = PBXFileReference; lastKnownFileType = sourcecode.swift; path = ChartView.swift; sourceTree = "<group>"; };
		38F88D4023152A35001DC19E /* DotCALayer.swift */ = {isa = PBXFileReference; lastKnownFileType = sourcecode.swift; path = DotCALayer.swift; sourceTree = "<group>"; };
		38F88D4223152A58001DC19E /* CurveAlgorithm.swift */ = {isa = PBXFileReference; lastKnownFileType = sourcecode.swift; path = CurveAlgorithm.swift; sourceTree = "<group>"; };
		3DA6303A1917742BBF47434F /* Pods-BMI.debug.xcconfig */ = {isa = PBXFileReference; includeInIndex = 1; lastKnownFileType = text.xcconfig; name = "Pods-BMI.debug.xcconfig"; path = "Target Support Files/Pods-BMI/Pods-BMI.debug.xcconfig"; sourceTree = "<group>"; };
		4346CAC82F7E210454A2F6AF /* Pods_BMI.framework */ = {isa = PBXFileReference; explicitFileType = wrapper.framework; includeInIndex = 0; path = Pods_BMI.framework; sourceTree = BUILT_PRODUCTS_DIR; };
		6AA1D452588923D67A66B271 /* Pods-BMI.release.xcconfig */ = {isa = PBXFileReference; includeInIndex = 1; lastKnownFileType = text.xcconfig; name = "Pods-BMI.release.xcconfig"; path = "Target Support Files/Pods-BMI/Pods-BMI.release.xcconfig"; sourceTree = "<group>"; };
/* End PBXFileReference section */

/* Begin PBXFrameworksBuildPhase section */
		380CFA18230FD7B3002EA2CC /* Frameworks */ = {
			isa = PBXFrameworksBuildPhase;
			buildActionMask = 2147483647;
			files = (
				947C14F2554C2B249ECA8C83 /* Pods_BMI.framework in Frameworks */,
			);
			runOnlyForDeploymentPostprocessing = 0;
		};
/* End PBXFrameworksBuildPhase section */

/* Begin PBXGroup section */
		1E6239EBCA6ED7CFEC056997 /* Frameworks */ = {
			isa = PBXGroup;
			children = (
				4346CAC82F7E210454A2F6AF /* Pods_BMI.framework */,
			);
			name = Frameworks;
			sourceTree = "<group>";
		};
		365896DF23206D2D00BB65EC /* Calculator */ = {
			isa = PBXGroup;
			children = (
				369AF19B23324ACE00E5B5BC /* Calculator.storyboard */,
				365896D1231551B700BB65EC /* CalculatorViewController.swift */,
				365896DD231DA88E00BB65EC /* WeightField.swift */,
				365896D32317351400BB65EC /* BackgroundImage.swift */,
			);
			path = Calculator;
			sourceTree = "<group>";
		};
		380CFA12230FD7B3002EA2CC = {
			isa = PBXGroup;
			children = (
				380CFA30230FD863002EA2CC /* README.md */,
				380CFA1D230FD7B3002EA2CC /* BMI */,
				380CFA1C230FD7B3002EA2CC /* Products */,
				864166776C7E7DE8ECC0C4CE /* Pods */,
				1E6239EBCA6ED7CFEC056997 /* Frameworks */,
			);
			sourceTree = "<group>";
		};
		380CFA1C230FD7B3002EA2CC /* Products */ = {
			isa = PBXGroup;
			children = (
				380CFA1B230FD7B3002EA2CC /* BMI.app */,
			);
			name = Products;
			sourceTree = "<group>";
		};
		380CFA1D230FD7B3002EA2CC /* BMI */ = {
			isa = PBXGroup;
			children = (
				380CFA1E230FD7B3002EA2CC /* AppDelegate.swift */,
				380CFD0423106535002EA2CC /* Storyboard.swift */,
				38F88D3C2315284E001DC19E /* MainViewController.swift */,
				36C210592347E9D100191000 /* AddTodaysWeightViewController.swift */,
				36D62AF223857B76009C3022 /* CustomTableViewCell.swift */,
				36EF627D2310519C004E5F15 /* Main.storyboard */,
				380CFD0A231065F0002EA2CC /* Onboarding */,
				380CFD0B231069FF002EA2CC /* Storage.swift */,
				365896DF23206D2D00BB65EC /* Calculator */,
				380CFA25230FD7B4002EA2CC /* Assets.xcassets */,
				380CFA27230FD7B4002EA2CC /* LaunchScreen.storyboard */,
				380CFA2A230FD7B4002EA2CC /* Info.plist */,
				38F88D4423152A68001DC19E /* Charts */,
				380CFCF623100071002EA2CC /* Database */,
			);
			path = BMI;
			sourceTree = "<group>";
		};
		380CFCF623100071002EA2CC /* Database */ = {
			isa = PBXGroup;
			children = (
				380CFCF42310006E002EA2CC /* Database.swift */,
				380CFCF72310008B002EA2CC /* database.xcdatamodeld */,
				380CFCFE23101CCC002EA2CC /* Entities */,
			);
			path = Database;
			sourceTree = "<group>";
		};
		380CFCFE23101CCC002EA2CC /* Entities */ = {
			isa = PBXGroup;
			children = (
				380CFCFF23101CDA002EA2CC /* Root */,
				380CFCFA23100165002EA2CC /* User.swift */,
				380CFD0023101D71002EA2CC /* WeightMetric.swift */,
			);
			path = Entities;
			sourceTree = "<group>";
		};
		380CFCFF23101CDA002EA2CC /* Root */ = {
			isa = PBXGroup;
			children = (
				380CFCFC2310016D002EA2CC /* Entity.swift */,
			);
			path = Root;
			sourceTree = "<group>";
		};
		380CFD0A231065F0002EA2CC /* Onboarding */ = {
			isa = PBXGroup;
			children = (
				380CFD0223106529002EA2CC /* Onboarding.storyboard */,
				380CFD06231065D7002EA2CC /* OnboardingViewController.swift */,
				380CFD08231065EC002EA2CC /* OnboardingContentViewController.swift */,
			);
			path = Onboarding;
			sourceTree = "<group>";
		};
		38F88D4423152A68001DC19E /* Charts */ = {
			isa = PBXGroup;
			children = (
				38F88D3E23152887001DC19E /* ChartView.swift */,
				38F88D4023152A35001DC19E /* DotCALayer.swift */,
				38F88D4223152A58001DC19E /* CurveAlgorithm.swift */,
			);
			path = Charts;
			sourceTree = "<group>";
		};
		864166776C7E7DE8ECC0C4CE /* Pods */ = {
			isa = PBXGroup;
			children = (
				3DA6303A1917742BBF47434F /* Pods-BMI.debug.xcconfig */,
				6AA1D452588923D67A66B271 /* Pods-BMI.release.xcconfig */,
			);
			path = Pods;
			sourceTree = "<group>";
		};
/* End PBXGroup section */

/* Begin PBXNativeTarget section */
		380CFA1A230FD7B3002EA2CC /* BMI */ = {
			isa = PBXNativeTarget;
			buildConfigurationList = 380CFA2D230FD7B4002EA2CC /* Build configuration list for PBXNativeTarget "BMI" */;
			buildPhases = (
				D89F20EB692AEDCF6BDF65B3 /* [CP] Check Pods Manifest.lock */,
				380CFA17230FD7B3002EA2CC /* Sources */,
				380CFA18230FD7B3002EA2CC /* Frameworks */,
				380CFA19230FD7B3002EA2CC /* Resources */,
				4CC75B77BD3BEC97C0BF9912 /* [CP] Embed Pods Frameworks */,
			);
			buildRules = (
			);
			dependencies = (
			);
			name = BMI;
			productName = BMI;
			productReference = 380CFA1B230FD7B3002EA2CC /* BMI.app */;
			productType = "com.apple.product-type.application";
		};
/* End PBXNativeTarget section */

/* Begin PBXProject section */
		380CFA13230FD7B3002EA2CC /* Project object */ = {
			isa = PBXProject;
			attributes = {
				LastSwiftUpdateCheck = 1020;
				LastUpgradeCheck = 1020;
				ORGANIZATIONNAME = "Super Developers";
				TargetAttributes = {
					380CFA1A230FD7B3002EA2CC = {
						CreatedOnToolsVersion = 10.2.1;
					};
				};
			};
			buildConfigurationList = 380CFA16230FD7B3002EA2CC /* Build configuration list for PBXProject "BMI" */;
			compatibilityVersion = "Xcode 9.3";
			developmentRegion = en;
			hasScannedForEncodings = 0;
			knownRegions = (
				en,
				Base,
			);
			mainGroup = 380CFA12230FD7B3002EA2CC;
			productRefGroup = 380CFA1C230FD7B3002EA2CC /* Products */;
			projectDirPath = "";
			projectRoot = "";
			targets = (
				380CFA1A230FD7B3002EA2CC /* BMI */,
			);
		};
/* End PBXProject section */

/* Begin PBXResourcesBuildPhase section */
		380CFA19230FD7B3002EA2CC /* Resources */ = {
			isa = PBXResourcesBuildPhase;
			buildActionMask = 2147483647;
			files = (
				380CFA29230FD7B4002EA2CC /* LaunchScreen.storyboard in Resources */,
				380CFD0323106529002EA2CC /* Onboarding.storyboard in Resources */,
				36EF627F2310519C004E5F15 /* Main.storyboard in Resources */,
				380CFA26230FD7B4002EA2CC /* Assets.xcassets in Resources */,
				369AF19C23324ACE00E5B5BC /* Calculator.storyboard in Resources */,
				380CFA31230FD863002EA2CC /* README.md in Resources */,
			);
			runOnlyForDeploymentPostprocessing = 0;
		};
/* End PBXResourcesBuildPhase section */

/* Begin PBXShellScriptBuildPhase section */
		4CC75B77BD3BEC97C0BF9912 /* [CP] Embed Pods Frameworks */ = {
			isa = PBXShellScriptBuildPhase;
			buildActionMask = 2147483647;
			files = (
			);
			inputFileListPaths = (
				"${PODS_ROOT}/Target Support Files/Pods-BMI/Pods-BMI-frameworks-${CONFIGURATION}-input-files.xcfilelist",
			);
			name = "[CP] Embed Pods Frameworks";
			outputFileListPaths = (
				"${PODS_ROOT}/Target Support Files/Pods-BMI/Pods-BMI-frameworks-${CONFIGURATION}-output-files.xcfilelist",
			);
			runOnlyForDeploymentPostprocessing = 0;
			shellPath = /bin/sh;
			shellScript = "\"${PODS_ROOT}/Target Support Files/Pods-BMI/Pods-BMI-frameworks.sh\"\n";
			showEnvVarsInLog = 0;
		};
		D89F20EB692AEDCF6BDF65B3 /* [CP] Check Pods Manifest.lock */ = {
			isa = PBXShellScriptBuildPhase;
			buildActionMask = 2147483647;
			files = (
			);
			inputFileListPaths = (
			);
			inputPaths = (
				"${PODS_PODFILE_DIR_PATH}/Podfile.lock",
				"${PODS_ROOT}/Manifest.lock",
			);
			name = "[CP] Check Pods Manifest.lock";
			outputFileListPaths = (
			);
			outputPaths = (
				"$(DERIVED_FILE_DIR)/Pods-BMI-checkManifestLockResult.txt",
			);
			runOnlyForDeploymentPostprocessing = 0;
			shellPath = /bin/sh;
			shellScript = "diff \"${PODS_PODFILE_DIR_PATH}/Podfile.lock\" \"${PODS_ROOT}/Manifest.lock\" > /dev/null\nif [ $? != 0 ] ; then\n    # print error to STDERR\n    echo \"error: The sandbox is not in sync with the Podfile.lock. Run 'pod install' or update your CocoaPods installation.\" >&2\n    exit 1\nfi\n# This output is used by Xcode 'outputs' to avoid re-running this script phase.\necho \"SUCCESS\" > \"${SCRIPT_OUTPUT_FILE_0}\"\n";
			showEnvVarsInLog = 0;
		};
/* End PBXShellScriptBuildPhase section */

/* Begin PBXSourcesBuildPhase section */
		380CFA17230FD7B3002EA2CC /* Sources */ = {
			isa = PBXSourcesBuildPhase;
			buildActionMask = 2147483647;
			files = (
				380CFD0C231069FF002EA2CC /* Storage.swift in Sources */,
				38F88D3D2315284E001DC19E /* MainViewController.swift in Sources */,
				380CFD0123101D71002EA2CC /* WeightMetric.swift in Sources */,
				365896D2231551B700BB65EC /* CalculatorViewController.swift in Sources */,
				36C2105A2347E9D100191000 /* AddTodaysWeightViewController.swift in Sources */,
				36D62AF323857B76009C3022 /* CustomTableViewCell.swift in Sources */,
				365896D42317351400BB65EC /* BackgroundImage.swift in Sources */,
				380CFCF52310006E002EA2CC /* Database.swift in Sources */,
				380CFCFD2310016D002EA2CC /* Entity.swift in Sources */,
				365896DE231DA88E00BB65EC /* WeightField.swift in Sources */,
				380CFD0523106535002EA2CC /* Storyboard.swift in Sources */,
				380CFD09231065EC002EA2CC /* OnboardingContentViewController.swift in Sources */,
				38F88D4123152A35001DC19E /* DotCALayer.swift in Sources */,
				380CFCF92310008B002EA2CC /* database.xcdatamodeld in Sources */,
				380CFCFB23100165002EA2CC /* User.swift in Sources */,
				380CFD07231065D7002EA2CC /* OnboardingViewController.swift in Sources */,
				38F88D4323152A59001DC19E /* CurveAlgorithm.swift in Sources */,
				380CFA1F230FD7B3002EA2CC /* AppDelegate.swift in Sources */,
				38F88D3F23152887001DC19E /* ChartView.swift in Sources */,
			);
			runOnlyForDeploymentPostprocessing = 0;
		};
/* End PBXSourcesBuildPhase section */

/* Begin PBXVariantGroup section */
		380CFA27230FD7B4002EA2CC /* LaunchScreen.storyboard */ = {
			isa = PBXVariantGroup;
			children = (
				380CFA28230FD7B4002EA2CC /* Base */,
			);
			name = LaunchScreen.storyboard;
			sourceTree = "<group>";
		};
/* End PBXVariantGroup section */

/* Begin XCBuildConfiguration section */
		380CFA2B230FD7B4002EA2CC /* Debug */ = {
			isa = XCBuildConfiguration;
			buildSettings = {
				ALWAYS_SEARCH_USER_PATHS = NO;
				CLANG_ANALYZER_NONNULL = YES;
				CLANG_ANALYZER_NUMBER_OBJECT_CONVERSION = YES_AGGRESSIVE;
				CLANG_CXX_LANGUAGE_STANDARD = "gnu++14";
				CLANG_CXX_LIBRARY = "libc++";
				CLANG_ENABLE_MODULES = YES;
				CLANG_ENABLE_OBJC_ARC = YES;
				CLANG_ENABLE_OBJC_WEAK = YES;
				CLANG_WARN_BLOCK_CAPTURE_AUTORELEASING = YES;
				CLANG_WARN_BOOL_CONVERSION = YES;
				CLANG_WARN_COMMA = YES;
				CLANG_WARN_CONSTANT_CONVERSION = YES;
				CLANG_WARN_DEPRECATED_OBJC_IMPLEMENTATIONS = YES;
				CLANG_WARN_DIRECT_OBJC_ISA_USAGE = YES_ERROR;
				CLANG_WARN_DOCUMENTATION_COMMENTS = YES;
				CLANG_WARN_EMPTY_BODY = YES;
				CLANG_WARN_ENUM_CONVERSION = YES;
				CLANG_WARN_INFINITE_RECURSION = YES;
				CLANG_WARN_INT_CONVERSION = YES;
				CLANG_WARN_NON_LITERAL_NULL_CONVERSION = YES;
				CLANG_WARN_OBJC_IMPLICIT_RETAIN_SELF = YES;
				CLANG_WARN_OBJC_LITERAL_CONVERSION = YES;
				CLANG_WARN_OBJC_ROOT_CLASS = YES_ERROR;
				CLANG_WARN_RANGE_LOOP_ANALYSIS = YES;
				CLANG_WARN_STRICT_PROTOTYPES = YES;
				CLANG_WARN_SUSPICIOUS_MOVE = YES;
				CLANG_WARN_UNGUARDED_AVAILABILITY = YES_AGGRESSIVE;
				CLANG_WARN_UNREACHABLE_CODE = YES;
				CLANG_WARN__DUPLICATE_METHOD_MATCH = YES;
				CODE_SIGN_IDENTITY = "iPhone Developer";
				COPY_PHASE_STRIP = NO;
				DEBUG_INFORMATION_FORMAT = dwarf;
				ENABLE_STRICT_OBJC_MSGSEND = YES;
				ENABLE_TESTABILITY = YES;
				GCC_C_LANGUAGE_STANDARD = gnu11;
				GCC_DYNAMIC_NO_PIC = NO;
				GCC_NO_COMMON_BLOCKS = YES;
				GCC_OPTIMIZATION_LEVEL = 0;
				GCC_PREPROCESSOR_DEFINITIONS = (
					"DEBUG=1",
					"$(inherited)",
				);
				GCC_WARN_64_TO_32_BIT_CONVERSION = YES;
				GCC_WARN_ABOUT_RETURN_TYPE = YES_ERROR;
				GCC_WARN_UNDECLARED_SELECTOR = YES;
				GCC_WARN_UNINITIALIZED_AUTOS = YES_AGGRESSIVE;
				GCC_WARN_UNUSED_FUNCTION = YES;
				GCC_WARN_UNUSED_VARIABLE = YES;
				IPHONEOS_DEPLOYMENT_TARGET = 12.2;
				MTL_ENABLE_DEBUG_INFO = INCLUDE_SOURCE;
				MTL_FAST_MATH = YES;
				ONLY_ACTIVE_ARCH = YES;
				SDKROOT = iphoneos;
				SWIFT_ACTIVE_COMPILATION_CONDITIONS = DEBUG;
				SWIFT_OPTIMIZATION_LEVEL = "-Onone";
			};
			name = Debug;
		};
		380CFA2C230FD7B4002EA2CC /* Release */ = {
			isa = XCBuildConfiguration;
			buildSettings = {
				ALWAYS_SEARCH_USER_PATHS = NO;
				CLANG_ANALYZER_NONNULL = YES;
				CLANG_ANALYZER_NUMBER_OBJECT_CONVERSION = YES_AGGRESSIVE;
				CLANG_CXX_LANGUAGE_STANDARD = "gnu++14";
				CLANG_CXX_LIBRARY = "libc++";
				CLANG_ENABLE_MODULES = YES;
				CLANG_ENABLE_OBJC_ARC = YES;
				CLANG_ENABLE_OBJC_WEAK = YES;
				CLANG_WARN_BLOCK_CAPTURE_AUTORELEASING = YES;
				CLANG_WARN_BOOL_CONVERSION = YES;
				CLANG_WARN_COMMA = YES;
				CLANG_WARN_CONSTANT_CONVERSION = YES;
				CLANG_WARN_DEPRECATED_OBJC_IMPLEMENTATIONS = YES;
				CLANG_WARN_DIRECT_OBJC_ISA_USAGE = YES_ERROR;
				CLANG_WARN_DOCUMENTATION_COMMENTS = YES;
				CLANG_WARN_EMPTY_BODY = YES;
				CLANG_WARN_ENUM_CONVERSION = YES;
				CLANG_WARN_INFINITE_RECURSION = YES;
				CLANG_WARN_INT_CONVERSION = YES;
				CLANG_WARN_NON_LITERAL_NULL_CONVERSION = YES;
				CLANG_WARN_OBJC_IMPLICIT_RETAIN_SELF = YES;
				CLANG_WARN_OBJC_LITERAL_CONVERSION = YES;
				CLANG_WARN_OBJC_ROOT_CLASS = YES_ERROR;
				CLANG_WARN_RANGE_LOOP_ANALYSIS = YES;
				CLANG_WARN_STRICT_PROTOTYPES = YES;
				CLANG_WARN_SUSPICIOUS_MOVE = YES;
				CLANG_WARN_UNGUARDED_AVAILABILITY = YES_AGGRESSIVE;
				CLANG_WARN_UNREACHABLE_CODE = YES;
				CLANG_WARN__DUPLICATE_METHOD_MATCH = YES;
				CODE_SIGN_IDENTITY = "iPhone Developer";
				COPY_PHASE_STRIP = NO;
				DEBUG_INFORMATION_FORMAT = "dwarf-with-dsym";
				ENABLE_NS_ASSERTIONS = NO;
				ENABLE_STRICT_OBJC_MSGSEND = YES;
				GCC_C_LANGUAGE_STANDARD = gnu11;
				GCC_NO_COMMON_BLOCKS = YES;
				GCC_WARN_64_TO_32_BIT_CONVERSION = YES;
				GCC_WARN_ABOUT_RETURN_TYPE = YES_ERROR;
				GCC_WARN_UNDECLARED_SELECTOR = YES;
				GCC_WARN_UNINITIALIZED_AUTOS = YES_AGGRESSIVE;
				GCC_WARN_UNUSED_FUNCTION = YES;
				GCC_WARN_UNUSED_VARIABLE = YES;
				IPHONEOS_DEPLOYMENT_TARGET = 12.2;
				MTL_ENABLE_DEBUG_INFO = NO;
				MTL_FAST_MATH = YES;
				SDKROOT = iphoneos;
				SWIFT_COMPILATION_MODE = wholemodule;
				SWIFT_OPTIMIZATION_LEVEL = "-O";
				VALIDATE_PRODUCT = YES;
			};
			name = Release;
		};
		380CFA2E230FD7B4002EA2CC /* Debug */ = {
			isa = XCBuildConfiguration;
			baseConfigurationReference = 3DA6303A1917742BBF47434F /* Pods-BMI.debug.xcconfig */;
			buildSettings = {
				ASSETCATALOG_COMPILER_APPICON_NAME = AppIcon;
				CODE_SIGN_STYLE = Automatic;
				DEVELOPMENT_TEAM = 3P49WUHN3H;
				INFOPLIST_FILE = BMI/Info.plist;
				IPHONEOS_DEPLOYMENT_TARGET = 10.0;
				LD_RUNPATH_SEARCH_PATHS = (
					"$(inherited)",
					"@executable_path/Frameworks",
				);
				PRODUCT_BUNDLE_IDENTIFIER = com.superdevelopers.BMI;
				PRODUCT_NAME = "$(TARGET_NAME)";
				SWIFT_VERSION = 5.0;
				TARGETED_DEVICE_FAMILY = "1,2";
			};
			name = Debug;
		};
		380CFA2F230FD7B4002EA2CC /* Release */ = {
			isa = XCBuildConfiguration;
			baseConfigurationReference = 6AA1D452588923D67A66B271 /* Pods-BMI.release.xcconfig */;
			buildSettings = {
				ASSETCATALOG_COMPILER_APPICON_NAME = AppIcon;
				CODE_SIGN_STYLE = Automatic;
				DEVELOPMENT_TEAM = 3P49WUHN3H;
				INFOPLIST_FILE = BMI/Info.plist;
				IPHONEOS_DEPLOYMENT_TARGET = 10.0;
				LD_RUNPATH_SEARCH_PATHS = (
					"$(inherited)",
					"@executable_path/Frameworks",
				);
				PRODUCT_BUNDLE_IDENTIFIER = com.superdevelopers.BMI;
				PRODUCT_NAME = "$(TARGET_NAME)";
				SWIFT_VERSION = 5.0;
				TARGETED_DEVICE_FAMILY = "1,2";
			};
			name = Release;
		};
/* End XCBuildConfiguration section */

/* Begin XCConfigurationList section */
		380CFA16230FD7B3002EA2CC /* Build configuration list for PBXProject "BMI" */ = {
			isa = XCConfigurationList;
			buildConfigurations = (
				380CFA2B230FD7B4002EA2CC /* Debug */,
				380CFA2C230FD7B4002EA2CC /* Release */,
			);
			defaultConfigurationIsVisible = 0;
			defaultConfigurationName = Release;
		};
		380CFA2D230FD7B4002EA2CC /* Build configuration list for PBXNativeTarget "BMI" */ = {
			isa = XCConfigurationList;
			buildConfigurations = (
				380CFA2E230FD7B4002EA2CC /* Debug */,
				380CFA2F230FD7B4002EA2CC /* Release */,
			);
			defaultConfigurationIsVisible = 0;
			defaultConfigurationName = Release;
		};
/* End XCConfigurationList section */

/* Begin XCVersionGroup section */
		380CFCF72310008B002EA2CC /* database.xcdatamodeld */ = {
			isa = XCVersionGroup;
			children = (
				380CFCF82310008B002EA2CC /* database.xcdatamodel */,
			);
			currentVersion = 380CFCF82310008B002EA2CC /* database.xcdatamodel */;
			path = database.xcdatamodeld;
			sourceTree = "<group>";
			versionGroupType = wrapper.xcdatamodel;
		};
/* End XCVersionGroup section */
	};
	rootObject = 380CFA13230FD7B3002EA2CC /* Project object */;
}
